// !$*UTF8*$!
{
	archiveVersion = 1;
	classes = {
	};
	objectVersion = 50;
	objects = {

/* Begin PBXBuildFile section */
		095226FB241A7E3A00874A05 /* AppDelegate.swift in Sources */ = {isa = PBXBuildFile; fileRef = 095226FA241A7E3A00874A05 /* AppDelegate.swift */; };
		095226FD241A7E3A00874A05 /* SceneDelegate.swift in Sources */ = {isa = PBXBuildFile; fileRef = 095226FC241A7E3A00874A05 /* SceneDelegate.swift */; };
		095226FF241A7E3A00874A05 /* ViewController.swift in Sources */ = {isa = PBXBuildFile; fileRef = 095226FE241A7E3A00874A05 /* ViewController.swift */; };
		09522705241A7E3A00874A05 /* ANACARA.xcdatamodeld in Sources */ = {isa = PBXBuildFile; fileRef = 09522703241A7E3A00874A05 /* ANACARA.xcdatamodeld */; };
		09522707241A7E3B00874A05 /* Assets.xcassets in Resources */ = {isa = PBXBuildFile; fileRef = 09522706241A7E3B00874A05 /* Assets.xcassets */; };
		0952270A241A7E3B00874A05 /* LaunchScreen.storyboard in Resources */ = {isa = PBXBuildFile; fileRef = 09522708241A7E3B00874A05 /* LaunchScreen.storyboard */; };
		09522717241A828600874A05 /* CGFloat+DynamicDimension.swift in Sources */ = {isa = PBXBuildFile; fileRef = 09522716241A828600874A05 /* CGFloat+DynamicDimension.swift */; };
		09522719241A829B00874A05 /* View.swift in Sources */ = {isa = PBXBuildFile; fileRef = 09522718241A829B00874A05 /* View.swift */; };
		0952271C241A839800874A05 /* OnBoardingView.swift in Sources */ = {isa = PBXBuildFile; fileRef = 0952271B241A839800874A05 /* OnBoardingView.swift */; };
		0952271F241A83B200874A05 /* OnBoardingViewController.swift in Sources */ = {isa = PBXBuildFile; fileRef = 0952271E241A83B200874A05 /* OnBoardingViewController.swift */; };
		09AC449F2448A504000B6F2B /* HomeViewController.swift in Sources */ = {isa = PBXBuildFile; fileRef = 09AC449E2448A504000B6F2B /* HomeViewController.swift */; };
		09AC44A22448A514000B6F2B /* HomeView.swift in Sources */ = {isa = PBXBuildFile; fileRef = 09AC44A12448A514000B6F2B /* HomeView.swift */; };
		09C40C3E2423B03B00811790 /* CanvasImageView.swift in Sources */ = {isa = PBXBuildFile; fileRef = 09C40C3D2423B03B00811790 /* CanvasImageView.swift */; };
		09C40C402423B09A00811790 /* TrainingSetView.swift in Sources */ = {isa = PBXBuildFile; fileRef = 09C40C3F2423B09A00811790 /* TrainingSetView.swift */; };
		09C40C432423B21500811790 /* TrainingSetViewController.swift in Sources */ = {isa = PBXBuildFile; fileRef = 09C40C422423B21500811790 /* TrainingSetViewController.swift */; };
		09C40C452423B8E800811790 /* UIView+Extension.swift in Sources */ = {isa = PBXBuildFile; fileRef = 09C40C442423B8E800811790 /* UIView+Extension.swift */; };
		09C40C472423C39C00811790 /* TrainingSetViewDelegate.swift in Sources */ = {isa = PBXBuildFile; fileRef = 09C40C462423C39C00811790 /* TrainingSetViewDelegate.swift */; };
/* End PBXBuildFile section */

/* Begin PBXFileReference section */
		095226F7241A7E3A00874A05 /* ANACARA.app */ = {isa = PBXFileReference; explicitFileType = wrapper.application; includeInIndex = 0; path = ANACARA.app; sourceTree = BUILT_PRODUCTS_DIR; };
		095226FA241A7E3A00874A05 /* AppDelegate.swift */ = {isa = PBXFileReference; lastKnownFileType = sourcecode.swift; path = AppDelegate.swift; sourceTree = "<group>"; };
		095226FC241A7E3A00874A05 /* SceneDelegate.swift */ = {isa = PBXFileReference; lastKnownFileType = sourcecode.swift; path = SceneDelegate.swift; sourceTree = "<group>"; };
		095226FE241A7E3A00874A05 /* ViewController.swift */ = {isa = PBXFileReference; lastKnownFileType = sourcecode.swift; path = ViewController.swift; sourceTree = "<group>"; };
		09522704241A7E3A00874A05 /* ANACARA.xcdatamodel */ = {isa = PBXFileReference; lastKnownFileType = wrapper.xcdatamodel; path = ANACARA.xcdatamodel; sourceTree = "<group>"; };
		09522706241A7E3B00874A05 /* Assets.xcassets */ = {isa = PBXFileReference; lastKnownFileType = folder.assetcatalog; path = Assets.xcassets; sourceTree = "<group>"; };
		09522709241A7E3B00874A05 /* Base */ = {isa = PBXFileReference; lastKnownFileType = file.storyboard; name = Base; path = Base.lproj/LaunchScreen.storyboard; sourceTree = "<group>"; };
		0952270B241A7E3B00874A05 /* Info.plist */ = {isa = PBXFileReference; lastKnownFileType = text.plist.xml; path = Info.plist; sourceTree = "<group>"; };
		09522716241A828600874A05 /* CGFloat+DynamicDimension.swift */ = {isa = PBXFileReference; lastKnownFileType = sourcecode.swift; path = "CGFloat+DynamicDimension.swift"; sourceTree = "<group>"; };
		09522718241A829B00874A05 /* View.swift */ = {isa = PBXFileReference; lastKnownFileType = sourcecode.swift; path = View.swift; sourceTree = "<group>"; };
		0952271B241A839800874A05 /* OnBoardingView.swift */ = {isa = PBXFileReference; lastKnownFileType = sourcecode.swift; path = OnBoardingView.swift; sourceTree = "<group>"; };
		0952271E241A83B200874A05 /* OnBoardingViewController.swift */ = {isa = PBXFileReference; lastKnownFileType = sourcecode.swift; path = OnBoardingViewController.swift; sourceTree = "<group>"; };
		09AC449E2448A504000B6F2B /* HomeViewController.swift */ = {isa = PBXFileReference; lastKnownFileType = sourcecode.swift; path = HomeViewController.swift; sourceTree = "<group>"; };
		09AC44A12448A514000B6F2B /* HomeView.swift */ = {isa = PBXFileReference; lastKnownFileType = sourcecode.swift; path = HomeView.swift; sourceTree = "<group>"; };
		09C40C3D2423B03B00811790 /* CanvasImageView.swift */ = {isa = PBXFileReference; lastKnownFileType = sourcecode.swift; path = CanvasImageView.swift; sourceTree = "<group>"; };
		09C40C3F2423B09A00811790 /* TrainingSetView.swift */ = {isa = PBXFileReference; lastKnownFileType = sourcecode.swift; path = TrainingSetView.swift; sourceTree = "<group>"; };
		09C40C422423B21500811790 /* TrainingSetViewController.swift */ = {isa = PBXFileReference; lastKnownFileType = sourcecode.swift; path = TrainingSetViewController.swift; sourceTree = "<group>"; };
		09C40C442423B8E800811790 /* UIView+Extension.swift */ = {isa = PBXFileReference; lastKnownFileType = sourcecode.swift; path = "UIView+Extension.swift"; sourceTree = "<group>"; };
		09C40C462423C39C00811790 /* TrainingSetViewDelegate.swift */ = {isa = PBXFileReference; lastKnownFileType = sourcecode.swift; path = TrainingSetViewDelegate.swift; sourceTree = "<group>"; };
/* End PBXFileReference section */

/* Begin PBXFrameworksBuildPhase section */
		095226F4241A7E3A00874A05 /* Frameworks */ = {
			isa = PBXFrameworksBuildPhase;
			buildActionMask = 2147483647;
			files = (
			);
			runOnlyForDeploymentPostprocessing = 0;
		};
/* End PBXFrameworksBuildPhase section */

/* Begin PBXGroup section */
		095226EE241A7E3A00874A05 = {
			isa = PBXGroup;
			children = (
				095226F9241A7E3A00874A05 /* ANACARA */,
				095226F8241A7E3A00874A05 /* Products */,
			);
			sourceTree = "<group>";
		};
		095226F8241A7E3A00874A05 /* Products */ = {
			isa = PBXGroup;
			children = (
				095226F7241A7E3A00874A05 /* ANACARA.app */,
			);
			name = Products;
			sourceTree = "<group>";
		};
		095226F9241A7E3A00874A05 /* ANACARA */ = {
			isa = PBXGroup;
			children = (
				09522714241A821700874A05 /* Models */,
				09522713241A821000874A05 /* Views */,
				09522712241A820100874A05 /* Controllers */,
				09522711241A81FA00874A05 /* Base */,
				09522715241A824800874A05 /* Extension+Custom */,
				095226FA241A7E3A00874A05 /* AppDelegate.swift */,
				095226FC241A7E3A00874A05 /* SceneDelegate.swift */,
				09522706241A7E3B00874A05 /* Assets.xcassets */,
				09522708241A7E3B00874A05 /* LaunchScreen.storyboard */,
				0952270B241A7E3B00874A05 /* Info.plist */,
				09522703241A7E3A00874A05 /* ANACARA.xcdatamodeld */,
			);
			path = ANACARA;
			sourceTree = "<group>";
		};
		09522711241A81FA00874A05 /* Base */ = {
			isa = PBXGroup;
			children = (
				09522718241A829B00874A05 /* View.swift */,
				095226FE241A7E3A00874A05 /* ViewController.swift */,
			);
			path = Base;
			sourceTree = "<group>";
		};
		09522712241A820100874A05 /* Controllers */ = {
			isa = PBXGroup;
			children = (
				09AC449D2448A4BB000B6F2B /* HomeViewController */,
				0952271D241A83A100874A05 /* OnBoardingViewController */,
				09C40C412423B1FB00811790 /* TrainingSetViewController */,
			);
			path = Controllers;
			sourceTree = "<group>";
		};
		09522713241A821000874A05 /* Views */ = {
			isa = PBXGroup;
			children = (
				09AC44A02448A50D000B6F2B /* HomeView */,
				0952271A241A838400874A05 /* OnBoardingView */,
				09C40C3C2423AC4800811790 /* TrainingSetView */,
			);
			path = Views;
			sourceTree = "<group>";
		};
		09522714241A821700874A05 /* Models */ = {
			isa = PBXGroup;
			children = (
			);
			path = Models;
			sourceTree = "<group>";
		};
		09522715241A824800874A05 /* Extension+Custom */ = {
			isa = PBXGroup;
			children = (
				09522716241A828600874A05 /* CGFloat+DynamicDimension.swift */,
				09C40C3D2423B03B00811790 /* CanvasImageView.swift */,
				09C40C442423B8E800811790 /* UIView+Extension.swift */,
			);
			path = "Extension+Custom";
			sourceTree = "<group>";
		};
		0952271A241A838400874A05 /* OnBoardingView */ = {
			isa = PBXGroup;
			children = (
				0952271B241A839800874A05 /* OnBoardingView.swift */,
			);
			path = OnBoardingView;
			sourceTree = "<group>";
		};
		0952271D241A83A100874A05 /* OnBoardingViewController */ = {
			isa = PBXGroup;
			children = (
				0952271E241A83B200874A05 /* OnBoardingViewController.swift */,
			);
			path = OnBoardingViewController;
			sourceTree = "<group>";
		};
		09AC449D2448A4BB000B6F2B /* HomeViewController */ = {
			isa = PBXGroup;
			children = (
				09AC449E2448A504000B6F2B /* HomeViewController.swift */,
			);
			path = HomeViewController;
			sourceTree = "<group>";
		};
		09AC44A02448A50D000B6F2B /* HomeView */ = {
			isa = PBXGroup;
			children = (
				09AC44A12448A514000B6F2B /* HomeView.swift */,
			);
			path = HomeView;
			sourceTree = "<group>";
		};
		09C40C3C2423AC4800811790 /* TrainingSetView */ = {
			isa = PBXGroup;
			children = (
				09C40C3F2423B09A00811790 /* TrainingSetView.swift */,
				09C40C462423C39C00811790 /* TrainingSetViewDelegate.swift */,
			);
			path = TrainingSetView;
			sourceTree = "<group>";
		};
		09C40C412423B1FB00811790 /* TrainingSetViewController */ = {
			isa = PBXGroup;
			children = (
				09C40C422423B21500811790 /* TrainingSetViewController.swift */,
			);
			path = TrainingSetViewController;
			sourceTree = "<group>";
		};
/* End PBXGroup section */

/* Begin PBXNativeTarget section */
		095226F6241A7E3A00874A05 /* ANACARA */ = {
			isa = PBXNativeTarget;
			buildConfigurationList = 0952270E241A7E3B00874A05 /* Build configuration list for PBXNativeTarget "ANACARA" */;
			buildPhases = (
				095226F3241A7E3A00874A05 /* Sources */,
				095226F4241A7E3A00874A05 /* Frameworks */,
				095226F5241A7E3A00874A05 /* Resources */,
			);
			buildRules = (
			);
			dependencies = (
			);
			name = ANACARA;
			productName = ANACARA;
			productReference = 095226F7241A7E3A00874A05 /* ANACARA.app */;
			productType = "com.apple.product-type.application";
		};
/* End PBXNativeTarget section */

/* Begin PBXProject section */
		095226EF241A7E3A00874A05 /* Project object */ = {
			isa = PBXProject;
			attributes = {
				LastSwiftUpdateCheck = 1130;
				LastUpgradeCheck = 1130;
				ORGANIZATIONNAME = "Ricki Bin Yamin";
				TargetAttributes = {
					095226F6241A7E3A00874A05 = {
						CreatedOnToolsVersion = 11.3.1;
					};
				};
			};
			buildConfigurationList = 095226F2241A7E3A00874A05 /* Build configuration list for PBXProject "ANACARA" */;
			compatibilityVersion = "Xcode 9.3";
			developmentRegion = en;
			hasScannedForEncodings = 0;
			knownRegions = (
				en,
				Base,
			);
			mainGroup = 095226EE241A7E3A00874A05;
			productRefGroup = 095226F8241A7E3A00874A05 /* Products */;
			projectDirPath = "";
			projectRoot = "";
			targets = (
				095226F6241A7E3A00874A05 /* ANACARA */,
			);
		};
/* End PBXProject section */

/* Begin PBXResourcesBuildPhase section */
		095226F5241A7E3A00874A05 /* Resources */ = {
			isa = PBXResourcesBuildPhase;
			buildActionMask = 2147483647;
			files = (
				0952270A241A7E3B00874A05 /* LaunchScreen.storyboard in Resources */,
				09522707241A7E3B00874A05 /* Assets.xcassets in Resources */,
			);
			runOnlyForDeploymentPostprocessing = 0;
		};
/* End PBXResourcesBuildPhase section */

/* Begin PBXSourcesBuildPhase section */
		095226F3241A7E3A00874A05 /* Sources */ = {
			isa = PBXSourcesBuildPhase;
			buildActionMask = 2147483647;
			files = (
				095226FF241A7E3A00874A05 /* ViewController.swift in Sources */,
				095226FB241A7E3A00874A05 /* AppDelegate.swift in Sources */,
				0952271C241A839800874A05 /* OnBoardingView.swift in Sources */,
				09AC44A22448A514000B6F2B /* HomeView.swift in Sources */,
				09C40C472423C39C00811790 /* TrainingSetViewDelegate.swift in Sources */,
				0952271F241A83B200874A05 /* OnBoardingViewController.swift in Sources */,
				09AC449F2448A504000B6F2B /* HomeViewController.swift in Sources */,
				09522719241A829B00874A05 /* View.swift in Sources */,
				095226FD241A7E3A00874A05 /* SceneDelegate.swift in Sources */,
				09C40C452423B8E800811790 /* UIView+Extension.swift in Sources */,
				09C40C432423B21500811790 /* TrainingSetViewController.swift in Sources */,
				09C40C3E2423B03B00811790 /* CanvasImageView.swift in Sources */,
				09C40C402423B09A00811790 /* TrainingSetView.swift in Sources */,
				09522705241A7E3A00874A05 /* ANACARA.xcdatamodeld in Sources */,
				09522717241A828600874A05 /* CGFloat+DynamicDimension.swift in Sources */,
			);
			runOnlyForDeploymentPostprocessing = 0;
		};
/* End PBXSourcesBuildPhase section */

/* Begin PBXVariantGroup section */
		09522708241A7E3B00874A05 /* LaunchScreen.storyboard */ = {
			isa = PBXVariantGroup;
			children = (
				09522709241A7E3B00874A05 /* Base */,
			);
			name = LaunchScreen.storyboard;
			sourceTree = "<group>";
		};
/* End PBXVariantGroup section */

/* Begin XCBuildConfiguration section */
		0952270C241A7E3B00874A05 /* Debug */ = {
			isa = XCBuildConfiguration;
			buildSettings = {
				ALWAYS_SEARCH_USER_PATHS = NO;
				CLANG_ANALYZER_NONNULL = YES;
				CLANG_ANALYZER_NUMBER_OBJECT_CONVERSION = YES_AGGRESSIVE;
				CLANG_CXX_LANGUAGE_STANDARD = "gnu++14";
				CLANG_CXX_LIBRARY = "libc++";
				CLANG_ENABLE_MODULES = YES;
				CLANG_ENABLE_OBJC_ARC = YES;
				CLANG_ENABLE_OBJC_WEAK = YES;
				CLANG_WARN_BLOCK_CAPTURE_AUTORELEASING = YES;
				CLANG_WARN_BOOL_CONVERSION = YES;
				CLANG_WARN_COMMA = YES;
				CLANG_WARN_CONSTANT_CONVERSION = YES;
				CLANG_WARN_DEPRECATED_OBJC_IMPLEMENTATIONS = YES;
				CLANG_WARN_DIRECT_OBJC_ISA_USAGE = YES_ERROR;
				CLANG_WARN_DOCUMENTATION_COMMENTS = YES;
				CLANG_WARN_EMPTY_BODY = YES;
				CLANG_WARN_ENUM_CONVERSION = YES;
				CLANG_WARN_INFINITE_RECURSION = YES;
				CLANG_WARN_INT_CONVERSION = YES;
				CLANG_WARN_NON_LITERAL_NULL_CONVERSION = YES;
				CLANG_WARN_OBJC_IMPLICIT_RETAIN_SELF = YES;
				CLANG_WARN_OBJC_LITERAL_CONVERSION = YES;
				CLANG_WARN_OBJC_ROOT_CLASS = YES_ERROR;
				CLANG_WARN_RANGE_LOOP_ANALYSIS = YES;
				CLANG_WARN_STRICT_PROTOTYPES = YES;
				CLANG_WARN_SUSPICIOUS_MOVE = YES;
				CLANG_WARN_UNGUARDED_AVAILABILITY = YES_AGGRESSIVE;
				CLANG_WARN_UNREACHABLE_CODE = YES;
				CLANG_WARN__DUPLICATE_METHOD_MATCH = YES;
				COPY_PHASE_STRIP = NO;
				DEBUG_INFORMATION_FORMAT = dwarf;
				ENABLE_STRICT_OBJC_MSGSEND = YES;
				ENABLE_TESTABILITY = YES;
				GCC_C_LANGUAGE_STANDARD = gnu11;
				GCC_DYNAMIC_NO_PIC = NO;
				GCC_NO_COMMON_BLOCKS = YES;
				GCC_OPTIMIZATION_LEVEL = 0;
				GCC_PREPROCESSOR_DEFINITIONS = (
					"DEBUG=1",
					"$(inherited)",
				);
				GCC_WARN_64_TO_32_BIT_CONVERSION = YES;
				GCC_WARN_ABOUT_RETURN_TYPE = YES_ERROR;
				GCC_WARN_UNDECLARED_SELECTOR = YES;
				GCC_WARN_UNINITIALIZED_AUTOS = YES_AGGRESSIVE;
				GCC_WARN_UNUSED_FUNCTION = YES;
				GCC_WARN_UNUSED_VARIABLE = YES;
				IPHONEOS_DEPLOYMENT_TARGET = 13.2;
				MTL_ENABLE_DEBUG_INFO = INCLUDE_SOURCE;
				MTL_FAST_MATH = YES;
				ONLY_ACTIVE_ARCH = YES;
				SDKROOT = iphoneos;
				SWIFT_ACTIVE_COMPILATION_CONDITIONS = DEBUG;
				SWIFT_OPTIMIZATION_LEVEL = "-Onone";
			};
			name = Debug;
		};
		0952270D241A7E3B00874A05 /* Release */ = {
			isa = XCBuildConfiguration;
			buildSettings = {
				ALWAYS_SEARCH_USER_PATHS = NO;
				CLANG_ANALYZER_NONNULL = YES;
				CLANG_ANALYZER_NUMBER_OBJECT_CONVERSION = YES_AGGRESSIVE;
				CLANG_CXX_LANGUAGE_STANDARD = "gnu++14";
				CLANG_CXX_LIBRARY = "libc++";
				CLANG_ENABLE_MODULES = YES;
				CLANG_ENABLE_OBJC_ARC = YES;
				CLANG_ENABLE_OBJC_WEAK = YES;
				CLANG_WARN_BLOCK_CAPTURE_AUTORELEASING = YES;
				CLANG_WARN_BOOL_CONVERSION = YES;
				CLANG_WARN_COMMA = YES;
				CLANG_WARN_CONSTANT_CONVERSION = YES;
				CLANG_WARN_DEPRECATED_OBJC_IMPLEMENTATIONS = YES;
				CLANG_WARN_DIRECT_OBJC_ISA_USAGE = YES_ERROR;
				CLANG_WARN_DOCUMENTATION_COMMENTS = YES;
				CLANG_WARN_EMPTY_BODY = YES;
				CLANG_WARN_ENUM_CONVERSION = YES;
				CLANG_WARN_INFINITE_RECURSION = YES;
				CLANG_WARN_INT_CONVERSION = YES;
				CLANG_WARN_NON_LITERAL_NULL_CONVERSION = YES;
				CLANG_WARN_OBJC_IMPLICIT_RETAIN_SELF = YES;
				CLANG_WARN_OBJC_LITERAL_CONVERSION = YES;
				CLANG_WARN_OBJC_ROOT_CLASS = YES_ERROR;
				CLANG_WARN_RANGE_LOOP_ANALYSIS = YES;
				CLANG_WARN_STRICT_PROTOTYPES = YES;
				CLANG_WARN_SUSPICIOUS_MOVE = YES;
				CLANG_WARN_UNGUARDED_AVAILABILITY = YES_AGGRESSIVE;
				CLANG_WARN_UNREACHABLE_CODE = YES;
				CLANG_WARN__DUPLICATE_METHOD_MATCH = YES;
				COPY_PHASE_STRIP = NO;
				DEBUG_INFORMATION_FORMAT = "dwarf-with-dsym";
				ENABLE_NS_ASSERTIONS = NO;
				ENABLE_STRICT_OBJC_MSGSEND = YES;
				GCC_C_LANGUAGE_STANDARD = gnu11;
				GCC_NO_COMMON_BLOCKS = YES;
				GCC_WARN_64_TO_32_BIT_CONVERSION = YES;
				GCC_WARN_ABOUT_RETURN_TYPE = YES_ERROR;
				GCC_WARN_UNDECLARED_SELECTOR = YES;
				GCC_WARN_UNINITIALIZED_AUTOS = YES_AGGRESSIVE;
				GCC_WARN_UNUSED_FUNCTION = YES;
				GCC_WARN_UNUSED_VARIABLE = YES;
				IPHONEOS_DEPLOYMENT_TARGET = 13.2;
				MTL_ENABLE_DEBUG_INFO = NO;
				MTL_FAST_MATH = YES;
				SDKROOT = iphoneos;
				SWIFT_COMPILATION_MODE = wholemodule;
				SWIFT_OPTIMIZATION_LEVEL = "-O";
				VALIDATE_PRODUCT = YES;
			};
			name = Release;
		};
		0952270F241A7E3B00874A05 /* Debug */ = {
			isa = XCBuildConfiguration;
			buildSettings = {
				ASSETCATALOG_COMPILER_APPICON_NAME = AppIcon;
				CODE_SIGN_STYLE = Automatic;
				DEVELOPMENT_TEAM = 6NMANHT3A2;
				INFOPLIST_FILE = ANACARA/Info.plist;
				LD_RUNPATH_SEARCH_PATHS = (
					"$(inherited)",
					"@executable_path/Frameworks",
				);
				PRODUCT_BUNDLE_IDENTIFIER = com.erbe.ANACARA;
				PRODUCT_NAME = "$(TARGET_NAME)";
				SWIFT_VERSION = 5.0;
				TARGETED_DEVICE_FAMILY = "1,2";
			};
			name = Debug;
		};
		09522710241A7E3B00874A05 /* Release */ = {
			isa = XCBuildConfiguration;
			buildSettings = {
				ASSETCATALOG_COMPILER_APPICON_NAME = AppIcon;
				CODE_SIGN_STYLE = Automatic;
				DEVELOPMENT_TEAM = 6NMANHT3A2;
				INFOPLIST_FILE = ANACARA/Info.plist;
				LD_RUNPATH_SEARCH_PATHS = (
					"$(inherited)",
					"@executable_path/Frameworks",
				);
				PRODUCT_BUNDLE_IDENTIFIER = com.erbe.ANACARA;
				PRODUCT_NAME = "$(TARGET_NAME)";
				SWIFT_VERSION = 5.0;
				TARGETED_DEVICE_FAMILY = "1,2";
			};
			name = Release;
		};
/* End XCBuildConfiguration section */

/* Begin XCConfigurationList section */
		095226F2241A7E3A00874A05 /* Build configuration list for PBXProject "ANACARA" */ = {
			isa = XCConfigurationList;
			buildConfigurations = (
				0952270C241A7E3B00874A05 /* Debug */,
				0952270D241A7E3B00874A05 /* Release */,
			);
			defaultConfigurationIsVisible = 0;
			defaultConfigurationName = Release;
		};
		0952270E241A7E3B00874A05 /* Build configuration list for PBXNativeTarget "ANACARA" */ = {
			isa = XCConfigurationList;
			buildConfigurations = (
				0952270F241A7E3B00874A05 /* Debug */,
				09522710241A7E3B00874A05 /* Release */,
			);
			defaultConfigurationIsVisible = 0;
			defaultConfigurationName = Release;
		};
/* End XCConfigurationList section */

/* Begin XCVersionGroup section */
		09522703241A7E3A00874A05 /* ANACARA.xcdatamodeld */ = {
			isa = XCVersionGroup;
			children = (
				09522704241A7E3A00874A05 /* ANACARA.xcdatamodel */,
			);
			currentVersion = 09522704241A7E3A00874A05 /* ANACARA.xcdatamodel */;
			path = ANACARA.xcdatamodeld;
			sourceTree = "<group>";
			versionGroupType = wrapper.xcdatamodel;
		};
/* End XCVersionGroup section */
	};
	rootObject = 095226EF241A7E3A00874A05 /* Project object */;
}
